
Microsoft Visual Studio Solution File, Format Version 12.00
# Visual Studio Version 17
VisualStudioVersion = 17.10.35122.118
MinimumVisualStudioVersion = 10.0.40219.1
Project("{9A19103F-16F7-4668-BE54-9A1E7A4F7556}") = "ApiGateway", "ApiGateway\ApiGateway.csproj", "{2A98DCF0-95BD-4EE2-BC7F-58FE34FAF471}"
EndProject
Project("{9A19103F-16F7-4668-BE54-9A1E7A4F7556}") = "AuthenticationService", "..\FinalProject\Backend\AuthenticationService\AuthenticationService\AuthenticationService.csproj", "{F989AD43-C5D7-4C43-8256-2747822117B8}"
EndProject
Project("{9A19103F-16F7-4668-BE54-9A1E7A4F7556}") = "UserRegister", "..\FinalProject\Backend\UserRegister\UserRegister\UserRegister.csproj", "{BE712AD3-922F-481B-81A9-186683CDF150}"
EndProject
Project("{9A19103F-16F7-4668-BE54-9A1E7A4F7556}") = "AlbumService", "..\FinalProject\Backend\AlbumService\AlbumService.csproj", "{60CC5370-FEF7-4FAF-8FFE-04A665141834}"
EndProject
Project("{9A19103F-16F7-4668-BE54-9A1E7A4F7556}") = "FavoriteMusicService", "..\FinalProject\Backend\FavouriteService\FavoriteMusicService\FavoriteMusicService.csproj", "{10D21BB8-24A5-42F0-ACF4-534B52999B3C}"
EndProject
Global
	GlobalSection(SolutionConfigurationPlatforms) = preSolution
		Debug|Any CPU = Debug|Any CPU
		Release|Any CPU = Release|Any CPU
	EndGlobalSection
	GlobalSection(ProjectConfigurationPlatforms) = postSolution
		{2A98DCF0-95BD-4EE2-BC7F-58FE34FAF471}.Debug|Any CPU.ActiveCfg = Debug|Any CPU
		{2A98DCF0-95BD-4EE2-BC7F-58FE34FAF471}.Debug|Any CPU.Build.0 = Debug|Any CPU
		{2A98DCF0-95BD-4EE2-BC7F-58FE34FAF471}.Release|Any CPU.ActiveCfg = Release|Any CPU
		{2A98DCF0-95BD-4EE2-BC7F-58FE34FAF471}.Release|Any CPU.Build.0 = Release|Any CPU
		{F989AD43-C5D7-4C43-8256-2747822117B8}.Debug|Any CPU.ActiveCfg = Debug|Any CPU
		{F989AD43-C5D7-4C43-8256-2747822117B8}.Debug|Any CPU.Build.0 = Debug|Any CPU
		{F989AD43-C5D7-4C43-8256-2747822117B8}.Release|Any CPU.ActiveCfg = Release|Any CPU
		{F989AD43-C5D7-4C43-8256-2747822117B8}.Release|Any CPU.Build.0 = Release|Any CPU
		{BE712AD3-922F-481B-81A9-186683CDF150}.Debug|Any CPU.ActiveCfg = Debug|Any CPU
		{BE712AD3-922F-481B-81A9-186683CDF150}.Debug|Any CPU.Build.0 = Debug|Any CPU
		{BE712AD3-922F-481B-81A9-186683CDF150}.Release|Any CPU.ActiveCfg = Release|Any CPU
		{BE712AD3-922F-481B-81A9-186683CDF150}.Release|Any CPU.Build.0 = Release|Any CPU
		{60CC5370-FEF7-4FAF-8FFE-04A665141834}.Debug|Any CPU.ActiveCfg = Debug|Any CPU
		{60CC5370-FEF7-4FAF-8FFE-04A665141834}.Debug|Any CPU.Build.0 = Debug|Any CPU
		{60CC5370-FEF7-4FAF-8FFE-04A665141834}.Release|Any CPU.ActiveCfg = Release|Any CPU
		{60CC5370-FEF7-4FAF-8FFE-04A665141834}.Release|Any CPU.Build.0 = Release|Any CPU
		{10D21BB8-24A5-42F0-ACF4-534B52999B3C}.Debug|Any CPU.ActiveCfg = Debug|Any CPU
		{10D21BB8-24A5-42F0-ACF4-534B52999B3C}.Debug|Any CPU.Build.0 = Debug|Any CPU
		{10D21BB8-24A5-42F0-ACF4-534B52999B3C}.Release|Any CPU.ActiveCfg = Release|Any CPU
		{10D21BB8-24A5-42F0-ACF4-534B52999B3C}.Release|Any CPU.Build.0 = Release|Any CPU
	EndGlobalSection
	GlobalSection(SolutionProperties) = preSolution
		HideSolutionNode = FALSE
	EndGlobalSection
	GlobalSection(ExtensibilityGlobals) = postSolution
		SolutionGuid = {68541B08-4069-450C-A784-24BF46F6E3C9}
	EndGlobalSection
EndGlobal
